
Microsoft Visual Studio Solution File, Format Version 12.00
# Visual Studio 15
VisualStudioVersion = 15.0.27428.2015
MinimumVisualStudioVersion = 10.0.40219.1
Project("{FAE04EC0-301F-11D3-BF4B-00C04F79EFBC}") = "ITCLib", "ITCLib\ITCLib.csproj", "{1F878409-8602-4DC3-A0CB-45CCCC21289E}"
EndProject
Project("{FAE04EC0-301F-11D3-BF4B-00C04F79EFBC}") = "ITCLibTest", "ITCLibTest\ITCLibTest.csproj", "{4BD09F5D-073E-4AAC-BF63-206A67881D55}"
EndProject
Project("{FAE04EC0-301F-11D3-BF4B-00C04F79EFBC}") = "DataAccessLayer", "..\DataAccessLayer\DataAccessLayer\DataAccessLayer.csproj", "{A95EC154-7009-4323-A432-1261B2CC7124}"
EndProject
Global
	GlobalSection(SolutionConfigurationPlatforms) = preSolution
		Debug|Any CPU = Debug|Any CPU
		Release|Any CPU = Release|Any CPU
	EndGlobalSection
	GlobalSection(ProjectConfigurationPlatforms) = postSolution
		{1F878409-8602-4DC3-A0CB-45CCCC21289E}.Debug|Any CPU.ActiveCfg = Debug|Any CPU
		{1F878409-8602-4DC3-A0CB-45CCCC21289E}.Debug|Any CPU.Build.0 = Debug|Any CPU
		{1F878409-8602-4DC3-A0CB-45CCCC21289E}.Release|Any CPU.ActiveCfg = Release|Any CPU
		{1F878409-8602-4DC3-A0CB-45CCCC21289E}.Release|Any CPU.Build.0 = Release|Any CPU
		{4BD09F5D-073E-4AAC-BF63-206A67881D55}.Debug|Any CPU.ActiveCfg = Debug|Any CPU
		{4BD09F5D-073E-4AAC-BF63-206A67881D55}.Debug|Any CPU.Build.0 = Debug|Any CPU
		{4BD09F5D-073E-4AAC-BF63-206A67881D55}.Release|Any CPU.ActiveCfg = Release|Any CPU
		{4BD09F5D-073E-4AAC-BF63-206A67881D55}.Release|Any CPU.Build.0 = Release|Any CPU
		{A95EC154-7009-4323-A432-1261B2CC7124}.Debug|Any CPU.ActiveCfg = Debug|Any CPU
		{A95EC154-7009-4323-A432-1261B2CC7124}.Debug|Any CPU.Build.0 = Debug|Any CPU
		{A95EC154-7009-4323-A432-1261B2CC7124}.Release|Any CPU.ActiveCfg = Release|Any CPU
		{A95EC154-7009-4323-A432-1261B2CC7124}.Release|Any CPU.Build.0 = Release|Any CPU
	EndGlobalSection
	GlobalSection(SolutionProperties) = preSolution
		HideSolutionNode = FALSE
	EndGlobalSection
	GlobalSection(ExtensibilityGlobals) = postSolution
		SolutionGuid = {79E2B71A-D618-4A3C-8F8D-BA475BFAC6E3}
	EndGlobalSection
EndGlobal
